// !$*UTF8*$!
{
	archiveVersion = 1;
	classes = {
	};
	objectVersion = 55;
	objects = {

/* Begin PBXBuildFile section */
		8824BD21283D9B9A00767D32 /* AppDelegate.swift in Sources */ = {isa = PBXBuildFile; fileRef = 8824BD20283D9B9A00767D32 /* AppDelegate.swift */; };
		8824BD23283D9B9A00767D32 /* SceneDelegate.swift in Sources */ = {isa = PBXBuildFile; fileRef = 8824BD22283D9B9A00767D32 /* SceneDelegate.swift */; };
		8824BD25283D9B9A00767D32 /* ViewController.swift in Sources */ = {isa = PBXBuildFile; fileRef = 8824BD24283D9B9A00767D32 /* ViewController.swift */; };
		8824BD2A283D9B9C00767D32 /* Assets.xcassets in Resources */ = {isa = PBXBuildFile; fileRef = 8824BD29283D9B9C00767D32 /* Assets.xcassets */; };
		8824BD2D283D9B9C00767D32 /* LaunchScreen.storyboard in Resources */ = {isa = PBXBuildFile; fileRef = 8824BD2B283D9B9C00767D32 /* LaunchScreen.storyboard */; };
		8824BD39283D9D6E00767D32 /* ConsultaCEPView.swift in Sources */ = {isa = PBXBuildFile; fileRef = 8824BD38283D9D6E00767D32 /* ConsultaCEPView.swift */; };
		8824BD3C283DA69000767D32 /* AppTheme.swift in Sources */ = {isa = PBXBuildFile; fileRef = 8824BD3B283DA69000767D32 /* AppTheme.swift */; };
		8824BD3F283DAF2200767D32 /* GetEnderecoService.swift in Sources */ = {isa = PBXBuildFile; fileRef = 8824BD3E283DAF2200767D32 /* GetEnderecoService.swift */; };
		8824BD42283DB04100767D32 /* Endereco.swift in Sources */ = {isa = PBXBuildFile; fileRef = 8824BD41283DB04100767D32 /* Endereco.swift */; };
		8824BD45283DB3DD00767D32 /* HttpMethod.swift in Sources */ = {isa = PBXBuildFile; fileRef = 8824BD44283DB3DD00767D32 /* HttpMethod.swift */; };
/* End PBXBuildFile section */

/* Begin PBXFileReference section */
		8824BD1D283D9B9A00767D32 /* ConsultaCEP.app */ = {isa = PBXFileReference; explicitFileType = wrapper.application; includeInIndex = 0; path = ConsultaCEP.app; sourceTree = BUILT_PRODUCTS_DIR; };
		8824BD20283D9B9A00767D32 /* AppDelegate.swift */ = {isa = PBXFileReference; lastKnownFileType = sourcecode.swift; path = AppDelegate.swift; sourceTree = "<group>"; };
		8824BD22283D9B9A00767D32 /* SceneDelegate.swift */ = {isa = PBXFileReference; lastKnownFileType = sourcecode.swift; path = SceneDelegate.swift; sourceTree = "<group>"; };
		8824BD24283D9B9A00767D32 /* ViewController.swift */ = {isa = PBXFileReference; lastKnownFileType = sourcecode.swift; path = ViewController.swift; sourceTree = "<group>"; };
		8824BD29283D9B9C00767D32 /* Assets.xcassets */ = {isa = PBXFileReference; lastKnownFileType = folder.assetcatalog; path = Assets.xcassets; sourceTree = "<group>"; };
		8824BD2C283D9B9C00767D32 /* Base */ = {isa = PBXFileReference; lastKnownFileType = file.storyboard; name = Base; path = Base.lproj/LaunchScreen.storyboard; sourceTree = "<group>"; };
		8824BD2E283D9B9C00767D32 /* Info.plist */ = {isa = PBXFileReference; lastKnownFileType = text.plist.xml; path = Info.plist; sourceTree = "<group>"; };
		8824BD38283D9D6E00767D32 /* ConsultaCEPView.swift */ = {isa = PBXFileReference; lastKnownFileType = sourcecode.swift; path = ConsultaCEPView.swift; sourceTree = "<group>"; };
		8824BD3B283DA69000767D32 /* AppTheme.swift */ = {isa = PBXFileReference; lastKnownFileType = sourcecode.swift; path = AppTheme.swift; sourceTree = "<group>"; };
		8824BD3E283DAF2200767D32 /* GetEnderecoService.swift */ = {isa = PBXFileReference; lastKnownFileType = sourcecode.swift; path = GetEnderecoService.swift; sourceTree = "<group>"; };
		8824BD41283DB04100767D32 /* Endereco.swift */ = {isa = PBXFileReference; lastKnownFileType = sourcecode.swift; path = Endereco.swift; sourceTree = "<group>"; };
		8824BD44283DB3DD00767D32 /* HttpMethod.swift */ = {isa = PBXFileReference; lastKnownFileType = sourcecode.swift; path = HttpMethod.swift; sourceTree = "<group>"; };
/* End PBXFileReference section */

/* Begin PBXFrameworksBuildPhase section */
		8824BD1A283D9B9A00767D32 /* Frameworks */ = {
			isa = PBXFrameworksBuildPhase;
			buildActionMask = 2147483647;
			files = (
			);
			runOnlyForDeploymentPostprocessing = 0;
		};
/* End PBXFrameworksBuildPhase section */

/* Begin PBXGroup section */
		8824BD14283D9B9A00767D32 = {
			isa = PBXGroup;
			children = (
				8824BD1F283D9B9A00767D32 /* ConsultaCEP */,
				8824BD1E283D9B9A00767D32 /* Products */,
			);
			sourceTree = "<group>";
		};
		8824BD1E283D9B9A00767D32 /* Products */ = {
			isa = PBXGroup;
			children = (
				8824BD1D283D9B9A00767D32 /* ConsultaCEP.app */,
			);
			name = Products;
			sourceTree = "<group>";
		};
		8824BD1F283D9B9A00767D32 /* ConsultaCEP */ = {
			isa = PBXGroup;
			children = (
				8824BD40283DB03500767D32 /* Model */,
				8824BD3D283DAF0D00767D32 /* Services */,
				8824BD3A283DA68100767D32 /* Theme */,
				8824BD35283D9BDF00767D32 /* Scenes */,
				8824BD34283D9BC300767D32 /* Application */,
				8824BD29283D9B9C00767D32 /* Assets.xcassets */,
				8824BD2B283D9B9C00767D32 /* LaunchScreen.storyboard */,
				8824BD2E283D9B9C00767D32 /* Info.plist */,
			);
			path = ConsultaCEP;
			sourceTree = "<group>";
		};
		8824BD34283D9BC300767D32 /* Application */ = {
			isa = PBXGroup;
			children = (
				8824BD20283D9B9A00767D32 /* AppDelegate.swift */,
				8824BD22283D9B9A00767D32 /* SceneDelegate.swift */,
			);
			path = Application;
			sourceTree = "<group>";
		};
		8824BD35283D9BDF00767D32 /* Scenes */ = {
			isa = PBXGroup;
			children = (
				8824BD37283D9D1100767D32 /* Views */,
				8824BD36283D9D0800767D32 /* Controllers */,
			);
			path = Scenes;
			sourceTree = "<group>";
		};
		8824BD36283D9D0800767D32 /* Controllers */ = {
			isa = PBXGroup;
			children = (
				8824BD24283D9B9A00767D32 /* ViewController.swift */,
			);
			path = Controllers;
			sourceTree = "<group>";
		};
		8824BD37283D9D1100767D32 /* Views */ = {
			isa = PBXGroup;
			children = (
				8824BD38283D9D6E00767D32 /* ConsultaCEPView.swift */,
			);
			path = Views;
			sourceTree = "<group>";
		};
		8824BD3A283DA68100767D32 /* Theme */ = {
			isa = PBXGroup;
			children = (
				8824BD3B283DA69000767D32 /* AppTheme.swift */,
			);
			path = Theme;
			sourceTree = "<group>";
		};
		8824BD3D283DAF0D00767D32 /* Services */ = {
			isa = PBXGroup;
			children = (
				8824BD43283DB3C500767D32 /* HttpClient */,
				8824BD3E283DAF2200767D32 /* GetEnderecoService.swift */,
			);
			path = Services;
			sourceTree = "<group>";
		};
		8824BD40283DB03500767D32 /* Model */ = {
			isa = PBXGroup;
			children = (
				8824BD41283DB04100767D32 /* Endereco.swift */,
			);
			path = Model;
			sourceTree = "<group>";
		};
		8824BD43283DB3C500767D32 /* HttpClient */ = {
			isa = PBXGroup;
			children = (
				8824BD44283DB3DD00767D32 /* HttpMethod.swift */,
			);
			path = HttpClient;
			sourceTree = "<group>";
		};
/* End PBXGroup section */

/* Begin PBXNativeTarget section */
		8824BD1C283D9B9A00767D32 /* ConsultaCEP */ = {
			isa = PBXNativeTarget;
			buildConfigurationList = 8824BD31283D9B9C00767D32 /* Build configuration list for PBXNativeTarget "ConsultaCEP" */;
			buildPhases = (
				8824BD19283D9B9A00767D32 /* Sources */,
				8824BD1A283D9B9A00767D32 /* Frameworks */,
				8824BD1B283D9B9A00767D32 /* Resources */,
			);
			buildRules = (
			);
			dependencies = (
			);
			name = ConsultaCEP;
			productName = ConsultaCEP;
			productReference = 8824BD1D283D9B9A00767D32 /* ConsultaCEP.app */;
			productType = "com.apple.product-type.application";
		};
/* End PBXNativeTarget section */

/* Begin PBXProject section */
		8824BD15283D9B9A00767D32 /* Project object */ = {
			isa = PBXProject;
			attributes = {
				BuildIndependentTargetsInParallel = 1;
				LastSwiftUpdateCheck = 1320;
				LastUpgradeCheck = 1320;
				TargetAttributes = {
					8824BD1C283D9B9A00767D32 = {
						CreatedOnToolsVersion = 13.2.1;
					};
				};
			};
			buildConfigurationList = 8824BD18283D9B9A00767D32 /* Build configuration list for PBXProject "ConsultaCEP" */;
			compatibilityVersion = "Xcode 13.0";
			developmentRegion = en;
			hasScannedForEncodings = 0;
			knownRegions = (
				en,
				Base,
			);
			mainGroup = 8824BD14283D9B9A00767D32;
			productRefGroup = 8824BD1E283D9B9A00767D32 /* Products */;
			projectDirPath = "";
			projectRoot = "";
			targets = (
				8824BD1C283D9B9A00767D32 /* ConsultaCEP */,
			);
		};
/* End PBXProject section */

/* Begin PBXResourcesBuildPhase section */
		8824BD1B283D9B9A00767D32 /* Resources */ = {
			isa = PBXResourcesBuildPhase;
			buildActionMask = 2147483647;
			files = (
				8824BD2D283D9B9C00767D32 /* LaunchScreen.storyboard in Resources */,
				8824BD2A283D9B9C00767D32 /* Assets.xcassets in Resources */,
			);
			runOnlyForDeploymentPostprocessing = 0;
		};
/* End PBXResourcesBuildPhase section */

/* Begin PBXSourcesBuildPhase section */
		8824BD19283D9B9A00767D32 /* Sources */ = {
			isa = PBXSourcesBuildPhase;
			buildActionMask = 2147483647;
			files = (
				8824BD39283D9D6E00767D32 /* ConsultaCEPView.swift in Sources */,
				8824BD25283D9B9A00767D32 /* ViewController.swift in Sources */,
				8824BD21283D9B9A00767D32 /* AppDelegate.swift in Sources */,
				8824BD23283D9B9A00767D32 /* SceneDelegate.swift in Sources */,
				8824BD45283DB3DD00767D32 /* HttpMethod.swift in Sources */,
				8824BD42283DB04100767D32 /* Endereco.swift in Sources */,
				8824BD3C283DA69000767D32 /* AppTheme.swift in Sources */,
				8824BD3F283DAF2200767D32 /* GetEnderecoService.swift in Sources */,
			);
			runOnlyForDeploymentPostprocessing = 0;
		};
/* End PBXSourcesBuildPhase section */

/* Begin PBXVariantGroup section */
		8824BD2B283D9B9C00767D32 /* LaunchScreen.storyboard */ = {
			isa = PBXVariantGroup;
			children = (
				8824BD2C283D9B9C00767D32 /* Base */,
			);
			name = LaunchScreen.storyboard;
			sourceTree = "<group>";
		};
/* End PBXVariantGroup section */

/* Begin XCBuildConfiguration section */
		8824BD2F283D9B9C00767D32 /* Debug */ = {
			isa = XCBuildConfiguration;
			buildSettings = {
				ALWAYS_SEARCH_USER_PATHS = NO;
				CLANG_ANALYZER_NONNULL = YES;
				CLANG_ANALYZER_NUMBER_OBJECT_CONVERSION = YES_AGGRESSIVE;
				CLANG_CXX_LANGUAGE_STANDARD = "gnu++17";
				CLANG_CXX_LIBRARY = "libc++";
				CLANG_ENABLE_MODULES = YES;
				CLANG_ENABLE_OBJC_ARC = YES;
				CLANG_ENABLE_OBJC_WEAK = YES;
				CLANG_WARN_BLOCK_CAPTURE_AUTORELEASING = YES;
				CLANG_WARN_BOOL_CONVERSION = YES;
				CLANG_WARN_COMMA = YES;
				CLANG_WARN_CONSTANT_CONVERSION = YES;
				CLANG_WARN_DEPRECATED_OBJC_IMPLEMENTATIONS = YES;
				CLANG_WARN_DIRECT_OBJC_ISA_USAGE = YES_ERROR;
				CLANG_WARN_DOCUMENTATION_COMMENTS = YES;
				CLANG_WARN_EMPTY_BODY = YES;
				CLANG_WARN_ENUM_CONVERSION = YES;
				CLANG_WARN_INFINITE_RECURSION = YES;
				CLANG_WARN_INT_CONVERSION = YES;
				CLANG_WARN_NON_LITERAL_NULL_CONVERSION = YES;
				CLANG_WARN_OBJC_IMPLICIT_RETAIN_SELF = YES;
				CLANG_WARN_OBJC_LITERAL_CONVERSION = YES;
				CLANG_WARN_OBJC_ROOT_CLASS = YES_ERROR;
				CLANG_WARN_QUOTED_INCLUDE_IN_FRAMEWORK_HEADER = YES;
				CLANG_WARN_RANGE_LOOP_ANALYSIS = YES;
				CLANG_WARN_STRICT_PROTOTYPES = YES;
				CLANG_WARN_SUSPICIOUS_MOVE = YES;
				CLANG_WARN_UNGUARDED_AVAILABILITY = YES_AGGRESSIVE;
				CLANG_WARN_UNREACHABLE_CODE = YES;
				CLANG_WARN__DUPLICATE_METHOD_MATCH = YES;
				COPY_PHASE_STRIP = NO;
				DEBUG_INFORMATION_FORMAT = dwarf;
				ENABLE_STRICT_OBJC_MSGSEND = YES;
				ENABLE_TESTABILITY = YES;
				GCC_C_LANGUAGE_STANDARD = gnu11;
				GCC_DYNAMIC_NO_PIC = NO;
				GCC_NO_COMMON_BLOCKS = YES;
				GCC_OPTIMIZATION_LEVEL = 0;
				GCC_PREPROCESSOR_DEFINITIONS = (
					"DEBUG=1",
					"$(inherited)",
				);
				GCC_WARN_64_TO_32_BIT_CONVERSION = YES;
				GCC_WARN_ABOUT_RETURN_TYPE = YES_ERROR;
				GCC_WARN_UNDECLARED_SELECTOR = YES;
				GCC_WARN_UNINITIALIZED_AUTOS = YES_AGGRESSIVE;
				GCC_WARN_UNUSED_FUNCTION = YES;
				GCC_WARN_UNUSED_VARIABLE = YES;
				IPHONEOS_DEPLOYMENT_TARGET = 15.2;
				MTL_ENABLE_DEBUG_INFO = INCLUDE_SOURCE;
				MTL_FAST_MATH = YES;
				ONLY_ACTIVE_ARCH = YES;
				SDKROOT = iphoneos;
				SWIFT_ACTIVE_COMPILATION_CONDITIONS = DEBUG;
				SWIFT_OPTIMIZATION_LEVEL = "-Onone";
			};
			name = Debug;
		};
		8824BD30283D9B9C00767D32 /* Release */ = {
			isa = XCBuildConfiguration;
			buildSettings = {
				ALWAYS_SEARCH_USER_PATHS = NO;
				CLANG_ANALYZER_NONNULL = YES;
				CLANG_ANALYZER_NUMBER_OBJECT_CONVERSION = YES_AGGRESSIVE;
				CLANG_CXX_LANGUAGE_STANDARD = "gnu++17";
				CLANG_CXX_LIBRARY = "libc++";
				CLANG_ENABLE_MODULES = YES;
				CLANG_ENABLE_OBJC_ARC = YES;
				CLANG_ENABLE_OBJC_WEAK = YES;
				CLANG_WARN_BLOCK_CAPTURE_AUTORELEASING = YES;
				CLANG_WARN_BOOL_CONVERSION = YES;
				CLANG_WARN_COMMA = YES;
				CLANG_WARN_CONSTANT_CONVERSION = YES;
				CLANG_WARN_DEPRECATED_OBJC_IMPLEMENTATIONS = YES;
				CLANG_WARN_DIRECT_OBJC_ISA_USAGE = YES_ERROR;
				CLANG_WARN_DOCUMENTATION_COMMENTS = YES;
				CLANG_WARN_EMPTY_BODY = YES;
				CLANG_WARN_ENUM_CONVERSION = YES;
				CLANG_WARN_INFINITE_RECURSION = YES;
				CLANG_WARN_INT_CONVERSION = YES;
				CLANG_WARN_NON_LITERAL_NULL_CONVERSION = YES;
				CLANG_WARN_OBJC_IMPLICIT_RETAIN_SELF = YES;
				CLANG_WARN_OBJC_LITERAL_CONVERSION = YES;
				CLANG_WARN_OBJC_ROOT_CLASS = YES_ERROR;
				CLANG_WARN_QUOTED_INCLUDE_IN_FRAMEWORK_HEADER = YES;
				CLANG_WARN_RANGE_LOOP_ANALYSIS = YES;
				CLANG_WARN_STRICT_PROTOTYPES = YES;
				CLANG_WARN_SUSPICIOUS_MOVE = YES;
				CLANG_WARN_UNGUARDED_AVAILABILITY = YES_AGGRESSIVE;
				CLANG_WARN_UNREACHABLE_CODE = YES;
				CLANG_WARN__DUPLICATE_METHOD_MATCH = YES;
				COPY_PHASE_STRIP = NO;
				DEBUG_INFORMATION_FORMAT = "dwarf-with-dsym";
				ENABLE_NS_ASSERTIONS = NO;
				ENABLE_STRICT_OBJC_MSGSEND = YES;
				GCC_C_LANGUAGE_STANDARD = gnu11;
				GCC_NO_COMMON_BLOCKS = YES;
				GCC_WARN_64_TO_32_BIT_CONVERSION = YES;
				GCC_WARN_ABOUT_RETURN_TYPE = YES_ERROR;
				GCC_WARN_UNDECLARED_SELECTOR = YES;
				GCC_WARN_UNINITIALIZED_AUTOS = YES_AGGRESSIVE;
				GCC_WARN_UNUSED_FUNCTION = YES;
				GCC_WARN_UNUSED_VARIABLE = YES;
				IPHONEOS_DEPLOYMENT_TARGET = 15.2;
				MTL_ENABLE_DEBUG_INFO = NO;
				MTL_FAST_MATH = YES;
				SDKROOT = iphoneos;
				SWIFT_COMPILATION_MODE = wholemodule;
				SWIFT_OPTIMIZATION_LEVEL = "-O";
				VALIDATE_PRODUCT = YES;
			};
			name = Release;
		};
		8824BD32283D9B9C00767D32 /* Debug */ = {
			isa = XCBuildConfiguration;
			buildSettings = {
				ASSETCATALOG_COMPILER_APPICON_NAME = AppIcon;
				ASSETCATALOG_COMPILER_GLOBAL_ACCENT_COLOR_NAME = AccentColor;
				CODE_SIGN_STYLE = Automatic;
				CURRENT_PROJECT_VERSION = 1;
				DEVELOPMENT_TEAM = YXQS68D56Q;
				GENERATE_INFOPLIST_FILE = YES;
				INFOPLIST_FILE = ConsultaCEP/Info.plist;
				INFOPLIST_KEY_UIApplicationSupportsIndirectInputEvents = YES;
				INFOPLIST_KEY_UILaunchStoryboardName = LaunchScreen;
				INFOPLIST_KEY_UISupportedInterfaceOrientations_iPad = "UIInterfaceOrientationPortrait UIInterfaceOrientationPortraitUpsideDown UIInterfaceOrientationLandscapeLeft UIInterfaceOrientationLandscapeRight";
				INFOPLIST_KEY_UISupportedInterfaceOrientations_iPhone = "UIInterfaceOrientationPortrait UIInterfaceOrientationLandscapeLeft UIInterfaceOrientationLandscapeRight";
				LD_RUNPATH_SEARCH_PATHS = (
					"$(inherited)",
					"@executable_path/Frameworks",
				);
				MARKETING_VERSION = 1.0;
				PRODUCT_BUNDLE_IDENTIFIER = br.com.renato.ConsultaCEP;
				PRODUCT_NAME = "$(TARGET_NAME)";
				SWIFT_EMIT_LOC_STRINGS = YES;
				SWIFT_VERSION = 5.0;
				TARGETED_DEVICE_FAMILY = "1,2";
			};
			name = Debug;
		};
		8824BD33283D9B9C00767D32 /* Release */ = {
			isa = XCBuildConfiguration;
			buildSettings = {
				ASSETCATALOG_COMPILER_APPICON_NAME = AppIcon;
				ASSETCATALOG_COMPILER_GLOBAL_ACCENT_COLOR_NAME = AccentColor;
				CODE_SIGN_STYLE = Automatic;
				CURRENT_PROJECT_VERSION = 1;
				DEVELOPMENT_TEAM = YXQS68D56Q;
				GENERATE_INFOPLIST_FILE = YES;
				INFOPLIST_FILE = ConsultaCEP/Info.plist;
				INFOPLIST_KEY_UIApplicationSupportsIndirectInputEvents = YES;
				INFOPLIST_KEY_UILaunchStoryboardName = LaunchScreen;
				INFOPLIST_KEY_UISupportedInterfaceOrientations_iPad = "UIInterfaceOrientationPortrait UIInterfaceOrientationPortraitUpsideDown UIInterfaceOrientationLandscapeLeft UIInterfaceOrientationLandscapeRight";
				INFOPLIST_KEY_UISupportedInterfaceOrientations_iPhone = "UIInterfaceOrientationPortrait UIInterfaceOrientationLandscapeLeft UIInterfaceOrientationLandscapeRight";
				LD_RUNPATH_SEARCH_PATHS = (
					"$(inherited)",
					"@executable_path/Frameworks",
				);
				MARKETING_VERSION = 1.0;
				PRODUCT_BUNDLE_IDENTIFIER = br.com.renato.ConsultaCEP;
				PRODUCT_NAME = "$(TARGET_NAME)";
				SWIFT_EMIT_LOC_STRINGS = YES;
				SWIFT_VERSION = 5.0;
				TARGETED_DEVICE_FAMILY = "1,2";
			};
			name = Release;
		};
/* End XCBuildConfiguration section */

/* Begin XCConfigurationList section */
		8824BD18283D9B9A00767D32 /* Build configuration list for PBXProject "ConsultaCEP" */ = {
			isa = XCConfigurationList;
			buildConfigurations = (
				8824BD2F283D9B9C00767D32 /* Debug */,
				8824BD30283D9B9C00767D32 /* Release */,
			);
			defaultConfigurationIsVisible = 0;
			defaultConfigurationName = Release;
		};
		8824BD31283D9B9C00767D32 /* Build configuration list for PBXNativeTarget "ConsultaCEP" */ = {
			isa = XCConfigurationList;
			buildConfigurations = (
				8824BD32283D9B9C00767D32 /* Debug */,
				8824BD33283D9B9C00767D32 /* Release */,
			);
			defaultConfigurationIsVisible = 0;
			defaultConfigurationName = Release;
		};
/* End XCConfigurationList section */
	};
	rootObject = 8824BD15283D9B9A00767D32 /* Project object */;
}
